
Microsoft Visual Studio Solution File, Format Version 11.00
# Visual Studio 2010
Project("{FAE04EC0-301F-11D3-BF4B-00C04F79EFBC}") = "Assembly-CSharp", "Assembly-CSharp.csproj", "{da89b374-4940-6277-3d76-5b6bfc0ee433}"
EndProject
Project("{FAE04EC0-301F-11D3-BF4B-00C04F79EFBC}") = "Assembly-CSharp-Editor", "Assembly-CSharp-Editor.csproj", "{35f85d87-98f7-80fb-cf75-c8fa52125e6d}"
EndProject
Global
	GlobalSection(SolutionConfigurationPlatforms) = preSolution
		Debug|Any CPU = Debug|Any CPU
	EndGlobalSection
	GlobalSection(ProjectConfigurationPlatforms) = postSolution
		{da89b374-4940-6277-3d76-5b6bfc0ee433}.Debug|Any CPU.ActiveCfg = Debug|Any CPU
		{da89b374-4940-6277-3d76-5b6bfc0ee433}.Debug|Any CPU.Build.0 = Debug|Any CPU
		{35f85d87-98f7-80fb-cf75-c8fa52125e6d}.Debug|Any CPU.ActiveCfg = Debug|Any CPU
		{35f85d87-98f7-80fb-cf75-c8fa52125e6d}.Debug|Any CPU.Build.0 = Debug|Any CPU
	EndGlobalSection
	GlobalSection(SolutionProperties) = preSolution
		HideSolutionNode = FALSE
	EndGlobalSection
EndGlobal
