
Microsoft Visual Studio Solution File, Format Version 11.00
# Visual Studio 2010
Project("{FAE04EC0-301F-11D3-BF4B-00C04F79EFBC}") = "UnityEngine.UI", "UnityEngine.UI.csproj", "{bcb8bf2f-a2e8-3d86-4be7-52ae2ee8760d}"
EndProject
Project("{FAE04EC0-301F-11D3-BF4B-00C04F79EFBC}") = "UnityEngine.TestRunner", "UnityEngine.TestRunner.csproj", "{672b9ca1-7334-78b5-ac3f-3ae3a7c714c6}"
EndProject
Project("{FAE04EC0-301F-11D3-BF4B-00C04F79EFBC}") = "Unity.Mathematics", "Unity.Mathematics.csproj", "{480a6cdf-933a-f38f-43b4-609d6d35bd3a}"
EndProject
Project("{FAE04EC0-301F-11D3-BF4B-00C04F79EFBC}") = "Unity.2D.Animation.Triangle.Runtime", "Unity.2D.Animation.Triangle.Runtime.csproj", "{b8bab0e8-6c7d-0910-ee38-ed3e2fbb1355}"
EndProject
Project("{FAE04EC0-301F-11D3-BF4B-00C04F79EFBC}") = "Unity.Timeline", "Unity.Timeline.csproj", "{118461c7-0e59-617d-c67c-00e7c067e07f}"
EndProject
Project("{FAE04EC0-301F-11D3-BF4B-00C04F79EFBC}") = "Unity.TextMeshPro", "Unity.TextMeshPro.csproj", "{37488947-07c6-f872-113c-912d63b63c14}"
EndProject
Project("{FAE04EC0-301F-11D3-BF4B-00C04F79EFBC}") = "Unity.2D.Animation.Runtime", "Unity.2D.Animation.Runtime.csproj", "{648f479b-a2de-c1c6-b230-bff120b11b2d}"
EndProject
Project("{FAE04EC0-301F-11D3-BF4B-00C04F79EFBC}") = "Assembly-CSharp", "Assembly-CSharp.csproj", "{8eb679d7-e115-e1e7-426a-f7d427940d7e}"
EndProject
Project("{FAE04EC0-301F-11D3-BF4B-00C04F79EFBC}") = "Unity.2D.IK.Runtime", "Unity.2D.IK.Runtime.csproj", "{b762b739-9b4c-331c-2849-450b048eb9cf}"
EndProject
Project("{FAE04EC0-301F-11D3-BF4B-00C04F79EFBC}") = "Unity.2D.SpriteShape.Runtime", "Unity.2D.SpriteShape.Runtime.csproj", "{47a986e0-a678-b3ae-8246-14e07360842b}"
EndProject
Project("{FAE04EC0-301F-11D3-BF4B-00C04F79EFBC}") = "Unity.2D.PixelPerfect", "Unity.2D.PixelPerfect.csproj", "{659de603-42dc-d77f-e0a9-41a3f7a6ff4a}"
EndProject
Project("{FAE04EC0-301F-11D3-BF4B-00C04F79EFBC}") = "Unity.2D.Common.Runtime", "Unity.2D.Common.Runtime.csproj", "{9f812167-9f7c-34c1-55ce-a39022e2a3bf}"
EndProject
Project("{FAE04EC0-301F-11D3-BF4B-00C04F79EFBC}") = "Unity.InternalAPIEngineBridge.001", "Unity.InternalAPIEngineBridge.001.csproj", "{302a56b3-24f2-83b6-2442-323204338dfa}"
EndProject
Project("{FAE04EC0-301F-11D3-BF4B-00C04F79EFBC}") = "UnityEditor.TestRunner", "UnityEditor.TestRunner.csproj", "{52f40ae4-5633-08f8-f3ae-e991cb6c6faa}"
EndProject
Project("{FAE04EC0-301F-11D3-BF4B-00C04F79EFBC}") = "Unity.PlasticSCM.Editor", "Unity.PlasticSCM.Editor.csproj", "{ea66c829-ebbd-90fc-470a-bd97546e0cf5}"
EndProject
Project("{FAE04EC0-301F-11D3-BF4B-00C04F79EFBC}") = "UnityEditor.UI", "UnityEditor.UI.csproj", "{2600057f-4e05-89f6-4e4c-f8bd3a471dc8}"
EndProject
Project("{FAE04EC0-301F-11D3-BF4B-00C04F79EFBC}") = "Unity.Services.Core.Editor", "Unity.Services.Core.Editor.csproj", "{04acdd86-2953-9582-0084-2e1b8356ec95}"
EndProject
Project("{FAE04EC0-301F-11D3-BF4B-00C04F79EFBC}") = "Unity.Timeline.Editor", "Unity.Timeline.Editor.csproj", "{7b945438-5e5a-47ac-8862-4183a3b38df5}"
EndProject
Project("{FAE04EC0-301F-11D3-BF4B-00C04F79EFBC}") = "Unity.VisualStudio.Editor", "Unity.VisualStudio.Editor.csproj", "{85aeb623-815f-83fd-9d2a-f40acb9e1207}"
EndProject
Project("{FAE04EC0-301F-11D3-BF4B-00C04F79EFBC}") = "Unity.2D.Psdimporter.Editor", "Unity.2D.Psdimporter.Editor.csproj", "{211642a9-a4b1-be95-a08d-37945c6585b6}"
EndProject
Project("{FAE04EC0-301F-11D3-BF4B-00C04F79EFBC}") = "Unity.2D.Animation.Editor", "Unity.2D.Animation.Editor.csproj", "{e7ea5da5-5a3d-e9f6-89d3-6eb46730065d}"
EndProject
Project("{FAE04EC0-301F-11D3-BF4B-00C04F79EFBC}") = "Unity.TextMeshPro.Editor", "Unity.TextMeshPro.Editor.csproj", "{17d37ac8-adb0-f64b-142b-bcb5b9f2a375}"
EndProject
Project("{FAE04EC0-301F-11D3-BF4B-00C04F79EFBC}") = "Unity.2D.SpriteShape.Editor", "Unity.2D.SpriteShape.Editor.csproj", "{2dd9376f-eb6b-0b82-4d4e-387ba46490ba}"
EndProject
Project("{FAE04EC0-301F-11D3-BF4B-00C04F79EFBC}") = "Unity.CollabProxy.Editor", "Unity.CollabProxy.Editor.csproj", "{1bf86150-408e-347c-33aa-40ee9dd5af2e}"
EndProject
Project("{FAE04EC0-301F-11D3-BF4B-00C04F79EFBC}") = "PsdPlugin", "PsdPlugin.csproj", "{313cef0f-f7e0-323e-51e5-315e7e7f5499}"
EndProject
Project("{FAE04EC0-301F-11D3-BF4B-00C04F79EFBC}") = "Unity.2D.Path.Editor", "Unity.2D.Path.Editor.csproj", "{6c80c6c1-fe0b-461e-4f13-e6b508fb1618}"
EndProject
Project("{FAE04EC0-301F-11D3-BF4B-00C04F79EFBC}") = "Unity.Rider.Editor", "Unity.Rider.Editor.csproj", "{2124892e-5f4c-fa9f-374b-809ebfebd3c5}"
EndProject
Project("{FAE04EC0-301F-11D3-BF4B-00C04F79EFBC}") = "Unity.2D.IK.Editor", "Unity.2D.IK.Editor.csproj", "{4c91977d-1bac-bb63-8f26-bfd72edc4345}"
EndProject
Project("{FAE04EC0-301F-11D3-BF4B-00C04F79EFBC}") = "Unity.2D.Sprite.Editor", "Unity.2D.Sprite.Editor.csproj", "{dfb4aa24-5552-f524-197a-556cdd74a575}"
EndProject
Project("{FAE04EC0-301F-11D3-BF4B-00C04F79EFBC}") = "Unity.2D.Tilemap.Editor", "Unity.2D.Tilemap.Editor.csproj", "{89b37a37-145c-51f4-7dce-743a654c3251}"
EndProject
Project("{FAE04EC0-301F-11D3-BF4B-00C04F79EFBC}") = "Unity.2D.PixelPerfect.Editor", "Unity.2D.PixelPerfect.Editor.csproj", "{a0087652-632a-a37c-ab57-75303bb5bd96}"
EndProject
Project("{FAE04EC0-301F-11D3-BF4B-00C04F79EFBC}") = "Unity.VSCode.Editor", "Unity.VSCode.Editor.csproj", "{5388a35f-a743-43bf-f6dd-11af82bb78aa}"
EndProject
Project("{FAE04EC0-301F-11D3-BF4B-00C04F79EFBC}") = "Unity.2D.Common.Editor", "Unity.2D.Common.Editor.csproj", "{cf7d31ee-2668-9680-29dd-fdd2b9d465e1}"
EndProject
Project("{FAE04EC0-301F-11D3-BF4B-00C04F79EFBC}") = "Unity.Mathematics.Editor", "Unity.Mathematics.Editor.csproj", "{aa4e4529-c524-12c7-b729-4d14017a7a00}"
EndProject
Project("{FAE04EC0-301F-11D3-BF4B-00C04F79EFBC}") = "Unity.InternalAPIEditorBridge.001", "Unity.InternalAPIEditorBridge.001.csproj", "{389f1d64-ece0-99d4-6e1a-7b4d490c69b6}"
EndProject
Project("{FAE04EC0-301F-11D3-BF4B-00C04F79EFBC}") = "Assembly-CSharp-Editor", "Assembly-CSharp-Editor.csproj", "{3c6665ee-d5e4-ea50-4e2e-24ace8645a9e}"
EndProject
Global
	GlobalSection(SolutionConfigurationPlatforms) = preSolution
		Debug|Any CPU = Debug|Any CPU
	EndGlobalSection
	GlobalSection(ProjectConfigurationPlatforms) = postSolution
		{bcb8bf2f-a2e8-3d86-4be7-52ae2ee8760d}.Debug|Any CPU.ActiveCfg = Debug|Any CPU
		{bcb8bf2f-a2e8-3d86-4be7-52ae2ee8760d}.Debug|Any CPU.Build.0 = Debug|Any CPU
		{672b9ca1-7334-78b5-ac3f-3ae3a7c714c6}.Debug|Any CPU.ActiveCfg = Debug|Any CPU
		{672b9ca1-7334-78b5-ac3f-3ae3a7c714c6}.Debug|Any CPU.Build.0 = Debug|Any CPU
		{480a6cdf-933a-f38f-43b4-609d6d35bd3a}.Debug|Any CPU.ActiveCfg = Debug|Any CPU
		{480a6cdf-933a-f38f-43b4-609d6d35bd3a}.Debug|Any CPU.Build.0 = Debug|Any CPU
		{b8bab0e8-6c7d-0910-ee38-ed3e2fbb1355}.Debug|Any CPU.ActiveCfg = Debug|Any CPU
		{b8bab0e8-6c7d-0910-ee38-ed3e2fbb1355}.Debug|Any CPU.Build.0 = Debug|Any CPU
		{118461c7-0e59-617d-c67c-00e7c067e07f}.Debug|Any CPU.ActiveCfg = Debug|Any CPU
		{118461c7-0e59-617d-c67c-00e7c067e07f}.Debug|Any CPU.Build.0 = Debug|Any CPU
		{37488947-07c6-f872-113c-912d63b63c14}.Debug|Any CPU.ActiveCfg = Debug|Any CPU
		{37488947-07c6-f872-113c-912d63b63c14}.Debug|Any CPU.Build.0 = Debug|Any CPU
		{648f479b-a2de-c1c6-b230-bff120b11b2d}.Debug|Any CPU.ActiveCfg = Debug|Any CPU
		{648f479b-a2de-c1c6-b230-bff120b11b2d}.Debug|Any CPU.Build.0 = Debug|Any CPU
		{8eb679d7-e115-e1e7-426a-f7d427940d7e}.Debug|Any CPU.ActiveCfg = Debug|Any CPU
		{8eb679d7-e115-e1e7-426a-f7d427940d7e}.Debug|Any CPU.Build.0 = Debug|Any CPU
		{b762b739-9b4c-331c-2849-450b048eb9cf}.Debug|Any CPU.ActiveCfg = Debug|Any CPU
		{b762b739-9b4c-331c-2849-450b048eb9cf}.Debug|Any CPU.Build.0 = Debug|Any CPU
		{47a986e0-a678-b3ae-8246-14e07360842b}.Debug|Any CPU.ActiveCfg = Debug|Any CPU
		{47a986e0-a678-b3ae-8246-14e07360842b}.Debug|Any CPU.Build.0 = Debug|Any CPU
		{659de603-42dc-d77f-e0a9-41a3f7a6ff4a}.Debug|Any CPU.ActiveCfg = Debug|Any CPU
		{659de603-42dc-d77f-e0a9-41a3f7a6ff4a}.Debug|Any CPU.Build.0 = Debug|Any CPU
		{9f812167-9f7c-34c1-55ce-a39022e2a3bf}.Debug|Any CPU.ActiveCfg = Debug|Any CPU
		{9f812167-9f7c-34c1-55ce-a39022e2a3bf}.Debug|Any CPU.Build.0 = Debug|Any CPU
		{302a56b3-24f2-83b6-2442-323204338dfa}.Debug|Any CPU.ActiveCfg = Debug|Any CPU
		{302a56b3-24f2-83b6-2442-323204338dfa}.Debug|Any CPU.Build.0 = Debug|Any CPU
		{52f40ae4-5633-08f8-f3ae-e991cb6c6faa}.Debug|Any CPU.ActiveCfg = Debug|Any CPU
		{52f40ae4-5633-08f8-f3ae-e991cb6c6faa}.Debug|Any CPU.Build.0 = Debug|Any CPU
		{ea66c829-ebbd-90fc-470a-bd97546e0cf5}.Debug|Any CPU.ActiveCfg = Debug|Any CPU
		{ea66c829-ebbd-90fc-470a-bd97546e0cf5}.Debug|Any CPU.Build.0 = Debug|Any CPU
		{2600057f-4e05-89f6-4e4c-f8bd3a471dc8}.Debug|Any CPU.ActiveCfg = Debug|Any CPU
		{2600057f-4e05-89f6-4e4c-f8bd3a471dc8}.Debug|Any CPU.Build.0 = Debug|Any CPU
		{04acdd86-2953-9582-0084-2e1b8356ec95}.Debug|Any CPU.ActiveCfg = Debug|Any CPU
		{04acdd86-2953-9582-0084-2e1b8356ec95}.Debug|Any CPU.Build.0 = Debug|Any CPU
		{7b945438-5e5a-47ac-8862-4183a3b38df5}.Debug|Any CPU.ActiveCfg = Debug|Any CPU
		{7b945438-5e5a-47ac-8862-4183a3b38df5}.Debug|Any CPU.Build.0 = Debug|Any CPU
		{85aeb623-815f-83fd-9d2a-f40acb9e1207}.Debug|Any CPU.ActiveCfg = Debug|Any CPU
		{85aeb623-815f-83fd-9d2a-f40acb9e1207}.Debug|Any CPU.Build.0 = Debug|Any CPU
		{211642a9-a4b1-be95-a08d-37945c6585b6}.Debug|Any CPU.ActiveCfg = Debug|Any CPU
		{211642a9-a4b1-be95-a08d-37945c6585b6}.Debug|Any CPU.Build.0 = Debug|Any CPU
		{e7ea5da5-5a3d-e9f6-89d3-6eb46730065d}.Debug|Any CPU.ActiveCfg = Debug|Any CPU
		{e7ea5da5-5a3d-e9f6-89d3-6eb46730065d}.Debug|Any CPU.Build.0 = Debug|Any CPU
		{17d37ac8-adb0-f64b-142b-bcb5b9f2a375}.Debug|Any CPU.ActiveCfg = Debug|Any CPU
		{17d37ac8-adb0-f64b-142b-bcb5b9f2a375}.Debug|Any CPU.Build.0 = Debug|Any CPU
		{2dd9376f-eb6b-0b82-4d4e-387ba46490ba}.Debug|Any CPU.ActiveCfg = Debug|Any CPU
		{2dd9376f-eb6b-0b82-4d4e-387ba46490ba}.Debug|Any CPU.Build.0 = Debug|Any CPU
		{1bf86150-408e-347c-33aa-40ee9dd5af2e}.Debug|Any CPU.ActiveCfg = Debug|Any CPU
		{1bf86150-408e-347c-33aa-40ee9dd5af2e}.Debug|Any CPU.Build.0 = Debug|Any CPU
		{313cef0f-f7e0-323e-51e5-315e7e7f5499}.Debug|Any CPU.ActiveCfg = Debug|Any CPU
		{313cef0f-f7e0-323e-51e5-315e7e7f5499}.Debug|Any CPU.Build.0 = Debug|Any CPU
		{6c80c6c1-fe0b-461e-4f13-e6b508fb1618}.Debug|Any CPU.ActiveCfg = Debug|Any CPU
		{6c80c6c1-fe0b-461e-4f13-e6b508fb1618}.Debug|Any CPU.Build.0 = Debug|Any CPU
		{2124892e-5f4c-fa9f-374b-809ebfebd3c5}.Debug|Any CPU.ActiveCfg = Debug|Any CPU
		{2124892e-5f4c-fa9f-374b-809ebfebd3c5}.Debug|Any CPU.Build.0 = Debug|Any CPU
		{4c91977d-1bac-bb63-8f26-bfd72edc4345}.Debug|Any CPU.ActiveCfg = Debug|Any CPU
		{4c91977d-1bac-bb63-8f26-bfd72edc4345}.Debug|Any CPU.Build.0 = Debug|Any CPU
		{dfb4aa24-5552-f524-197a-556cdd74a575}.Debug|Any CPU.ActiveCfg = Debug|Any CPU
		{dfb4aa24-5552-f524-197a-556cdd74a575}.Debug|Any CPU.Build.0 = Debug|Any CPU
		{89b37a37-145c-51f4-7dce-743a654c3251}.Debug|Any CPU.ActiveCfg = Debug|Any CPU
		{89b37a37-145c-51f4-7dce-743a654c3251}.Debug|Any CPU.Build.0 = Debug|Any CPU
		{a0087652-632a-a37c-ab57-75303bb5bd96}.Debug|Any CPU.ActiveCfg = Debug|Any CPU
		{a0087652-632a-a37c-ab57-75303bb5bd96}.Debug|Any CPU.Build.0 = Debug|Any CPU
		{5388a35f-a743-43bf-f6dd-11af82bb78aa}.Debug|Any CPU.ActiveCfg = Debug|Any CPU
		{5388a35f-a743-43bf-f6dd-11af82bb78aa}.Debug|Any CPU.Build.0 = Debug|Any CPU
		{cf7d31ee-2668-9680-29dd-fdd2b9d465e1}.Debug|Any CPU.ActiveCfg = Debug|Any CPU
		{cf7d31ee-2668-9680-29dd-fdd2b9d465e1}.Debug|Any CPU.Build.0 = Debug|Any CPU
		{aa4e4529-c524-12c7-b729-4d14017a7a00}.Debug|Any CPU.ActiveCfg = Debug|Any CPU
		{aa4e4529-c524-12c7-b729-4d14017a7a00}.Debug|Any CPU.Build.0 = Debug|Any CPU
		{389f1d64-ece0-99d4-6e1a-7b4d490c69b6}.Debug|Any CPU.ActiveCfg = Debug|Any CPU
		{389f1d64-ece0-99d4-6e1a-7b4d490c69b6}.Debug|Any CPU.Build.0 = Debug|Any CPU
		{3c6665ee-d5e4-ea50-4e2e-24ace8645a9e}.Debug|Any CPU.ActiveCfg = Debug|Any CPU
		{3c6665ee-d5e4-ea50-4e2e-24ace8645a9e}.Debug|Any CPU.Build.0 = Debug|Any CPU
	EndGlobalSection
	GlobalSection(SolutionProperties) = preSolution
		HideSolutionNode = FALSE
	EndGlobalSection
EndGlobal
